
Microsoft Visual Studio Solution File, Format Version 12.00
# Visual Studio Version 17
VisualStudioVersion = 17.4.33213.308
MinimumVisualStudioVersion = 10.0.40219.1
Project("{9A19103F-16F7-4668-BE54-9A1E7A4F7556}") = "UserAPI", "UserAPI\UserAPI.csproj", "{BC07BE28-D368-4914-9C7B-C1F01FC6E14B}"
EndProject
Project("{9A19103F-16F7-4668-BE54-9A1E7A4F7556}") = "UserAPI.Test__", "UserAPI.Test__\UserAPI.Test__.csproj", "{892068F6-834A-42FD-A705-B790A07ED573}"
EndProject
Global
	GlobalSection(SolutionConfigurationPlatforms) = preSolution
		Debug|Any CPU = Debug|Any CPU
		Release|Any CPU = Release|Any CPU
	EndGlobalSection
	GlobalSection(ProjectConfigurationPlatforms) = postSolution
		{BC07BE28-D368-4914-9C7B-C1F01FC6E14B}.Debug|Any CPU.ActiveCfg = Debug|Any CPU
		{BC07BE28-D368-4914-9C7B-C1F01FC6E14B}.Debug|Any CPU.Build.0 = Debug|Any CPU
		{BC07BE28-D368-4914-9C7B-C1F01FC6E14B}.Release|Any CPU.ActiveCfg = Release|Any CPU
		{BC07BE28-D368-4914-9C7B-C1F01FC6E14B}.Release|Any CPU.Build.0 = Release|Any CPU
		{892068F6-834A-42FD-A705-B790A07ED573}.Debug|Any CPU.ActiveCfg = Debug|Any CPU
		{892068F6-834A-42FD-A705-B790A07ED573}.Debug|Any CPU.Build.0 = Debug|Any CPU
		{892068F6-834A-42FD-A705-B790A07ED573}.Release|Any CPU.ActiveCfg = Release|Any CPU
		{892068F6-834A-42FD-A705-B790A07ED573}.Release|Any CPU.Build.0 = Release|Any CPU
	EndGlobalSection
	GlobalSection(SolutionProperties) = preSolution
		HideSolutionNode = FALSE
	EndGlobalSection
	GlobalSection(ExtensibilityGlobals) = postSolution
		SolutionGuid = {25A01719-8B4C-46E2-B2E7-FF065D67170F}
	EndGlobalSection
EndGlobal
